PODS:
  - FSCalendar (2.7.9)
  - UICircularProgressRing (1.7.0)

DEPENDENCIES:
  - FSCalendar
  - UICircularProgressRing

SPEC CHECKSUMS:
  FSCalendar: a04b09f16f811bc92e82f3cf852a15225233b9d5
  UICircularProgressRing: 35c3d291b679161ea27fb6216fee58c40a4bb597

PODFILE CHECKSUM: ca0cc70ac1bfbfba326976499cb7dd9b0f8114a7

COCOAPODS: 1.2.1
