// !$*UTF8*$!
{
	archiveVersion = 1;
	classes = {
	};
	objectVersion = 46;
	objects = {

/* Begin PBXBuildFile section */
		012E0F7B7D68F13B2BECAD5C /* Pods_TO_DO_APP.framework in Frameworks */ = {isa = PBXBuildFile; fileRef = A2835DEE820796CB9537BA05 /* Pods_TO_DO_APP.framework */; };
		345E9411AC797D6A9429A120 /* Pods_TO_DO_APPUITests.framework in Frameworks */ = {isa = PBXBuildFile; fileRef = 673E1AE651573E93C1338011 /* Pods_TO_DO_APPUITests.framework */; };
		3F10712EA52D5601FBD7E82B /* Pods_TO_DO_APPTests.framework in Frameworks */ = {isa = PBXBuildFile; fileRef = 09470E5CD56A18311DB916A0 /* Pods_TO_DO_APPTests.framework */; };
		602541401F2F3A420004FDC7 /* Model.xcdatamodeld in Sources */ = {isa = PBXBuildFile; fileRef = 6025413E1F2F3A420004FDC7 /* Model.xcdatamodeld */; };
		605234551F3171420005BD21 /* TaskModel.swift in Sources */ = {isa = PBXBuildFile; fileRef = 605234541F3171420005BD21 /* TaskModel.swift */; };
		606505B71F2EB5E500134495 /* DatabaseManager.swift in Sources */ = {isa = PBXBuildFile; fileRef = 606505B61F2EB5E500134495 /* DatabaseManager.swift */; };
		606505BE1F2ED7ED00134495 /* CommonUtility.swift in Sources */ = {isa = PBXBuildFile; fileRef = 606505BD1F2ED7ED00134495 /* CommonUtility.swift */; };
		606505C01F2EDC8600134495 /* KeychainSwiftDistrib.swift in Sources */ = {isa = PBXBuildFile; fileRef = 606505BF1F2EDC8600134495 /* KeychainSwiftDistrib.swift */; };
		607750B71F2B1B0B00DB1CAF /* SignUpViewController.swift in Sources */ = {isa = PBXBuildFile; fileRef = 607750B61F2B1B0B00DB1CAF /* SignUpViewController.swift */; };
		6079123C1F330FBA008D5058 /* MainViewController.swift in Sources */ = {isa = PBXBuildFile; fileRef = 6079123B1F330FBA008D5058 /* MainViewController.swift */; };
		607912401F331391008D5058 /* TaskTableViewCell.swift in Sources */ = {isa = PBXBuildFile; fileRef = 6079123F1F331391008D5058 /* TaskTableViewCell.swift */; };
		60B2FEA71F2BA69B00A6185F /* AppDelegate.swift in Sources */ = {isa = PBXBuildFile; fileRef = 60B2FEA61F2BA69B00A6185F /* AppDelegate.swift */; };
		60B2FEA91F2BA69B00A6185F /* SignInViewController.swift in Sources */ = {isa = PBXBuildFile; fileRef = 60B2FEA81F2BA69B00A6185F /* SignInViewController.swift */; };
		60B2FEAC1F2BA69C00A6185F /* Main.storyboard in Resources */ = {isa = PBXBuildFile; fileRef = 60B2FEAA1F2BA69C00A6185F /* Main.storyboard */; };
		60B2FEAE1F2BA69C00A6185F /* Assets.xcassets in Resources */ = {isa = PBXBuildFile; fileRef = 60B2FEAD1F2BA69C00A6185F /* Assets.xcassets */; };
		60B2FEB11F2BA69C00A6185F /* LaunchScreen.storyboard in Resources */ = {isa = PBXBuildFile; fileRef = 60B2FEAF1F2BA69C00A6185F /* LaunchScreen.storyboard */; };
		60B2FEBC1F2BA69C00A6185F /* TO_DO_APPTests.swift in Sources */ = {isa = PBXBuildFile; fileRef = 60B2FEBB1F2BA69C00A6185F /* TO_DO_APPTests.swift */; };
		60B2FEC71F2BA69C00A6185F /* TO_DO_APPUITests.swift in Sources */ = {isa = PBXBuildFile; fileRef = 60B2FEC61F2BA69C00A6185F /* TO_DO_APPUITests.swift */; };
		60DB5B5E1F3855A600220B8F /* OverviewViewController.swift in Sources */ = {isa = PBXBuildFile; fileRef = 60DB5B5D1F3855A600220B8F /* OverviewViewController.swift */; };
		60DB5B601F3857E800220B8F /* PageMenuCollectionViewCell.swift in Sources */ = {isa = PBXBuildFile; fileRef = 60DB5B5F1F3857E800220B8F /* PageMenuCollectionViewCell.swift */; };
		60DC7E691F39746200A52EBA /* CalculateUtility.swift in Sources */ = {isa = PBXBuildFile; fileRef = 60DC7E681F39746200A52EBA /* CalculateUtility.swift */; };
		60F1CDEC1F3018A400821553 /* CreateTaskViewController.swift in Sources */ = {isa = PBXBuildFile; fileRef = 60F1CDEB1F3018A400821553 /* CreateTaskViewController.swift */; };
		60F1CDEE1F30292E00821553 /* DatePickerViewController.swift in Sources */ = {isa = PBXBuildFile; fileRef = 60F1CDED1F30292E00821553 /* DatePickerViewController.swift */; };
		60F1CDF01F304E5500821553 /* TimeViewController.swift in Sources */ = {isa = PBXBuildFile; fileRef = 60F1CDEF1F304E5500821553 /* TimeViewController.swift */; };
		60F1CDF21F305F4C00821553 /* RepeatTimeViewController.swift in Sources */ = {isa = PBXBuildFile; fileRef = 60F1CDF11F305F4C00821553 /* RepeatTimeViewController.swift */; };
		D54EB0901F302D1E0038C9A3 /* MenuViewController.swift in Sources */ = {isa = PBXBuildFile; fileRef = D54EB08F1F302D1E0038C9A3 /* MenuViewController.swift */; };
		D569ABB21F30624D00AAA76F /* SettingsViewController.swift in Sources */ = {isa = PBXBuildFile; fileRef = D569ABB11F30624D00AAA76F /* SettingsViewController.swift */; };
		D588CE611F34666700DD63BB /* AppData.swift in Sources */ = {isa = PBXBuildFile; fileRef = D588CE601F34666700DD63BB /* AppData.swift */; };
		D5A092111F32ADF500BF00D7 /* ProfileViewController.swift in Sources */ = {isa = PBXBuildFile; fileRef = D5A092101F32ADF500BF00D7 /* ProfileViewController.swift */; };
		D5A092131F32AE0200BF00D7 /* AlertViewController.swift in Sources */ = {isa = PBXBuildFile; fileRef = D5A092121F32AE0200BF00D7 /* AlertViewController.swift */; };
		D5DBF1031F3329CD004FFEE6 /* User.swift in Sources */ = {isa = PBXBuildFile; fileRef = D5DBF1021F3329CD004FFEE6 /* User.swift */; };
		D51AF1731F3409B500177854 /* CalendarViewController.swift in Sources */ = {isa = PBXBuildFile; fileRef = D51AF1721F3409B500177854 /* CalendarViewController.swift */; };
/* End PBXBuildFile section */

/* Begin PBXContainerItemProxy section */
		60B2FEB81F2BA69C00A6185F /* PBXContainerItemProxy */ = {
			isa = PBXContainerItemProxy;
			containerPortal = 60B2FE9B1F2BA69B00A6185F /* Project object */;
			proxyType = 1;
			remoteGlobalIDString = 60B2FEA21F2BA69B00A6185F;
			remoteInfo = "TO-DO-APP";
		};
		60B2FEC31F2BA69C00A6185F /* PBXContainerItemProxy */ = {
			isa = PBXContainerItemProxy;
			containerPortal = 60B2FE9B1F2BA69B00A6185F /* Project object */;
			proxyType = 1;
			remoteGlobalIDString = 60B2FEA21F2BA69B00A6185F;
			remoteInfo = "TO-DO-APP";
		};
/* End PBXContainerItemProxy section */

/* Begin PBXFileReference section */
		09470E5CD56A18311DB916A0 /* Pods_TO_DO_APPTests.framework */ = {isa = PBXFileReference; explicitFileType = wrapper.framework; includeInIndex = 0; path = Pods_TO_DO_APPTests.framework; sourceTree = BUILT_PRODUCTS_DIR; };
		44D37841448285390FAECFD6 /* Pods-TO-DO-APPUITests.release.xcconfig */ = {isa = PBXFileReference; includeInIndex = 1; lastKnownFileType = text.xcconfig; name = "Pods-TO-DO-APPUITests.release.xcconfig"; path = "Pods/Target Support Files/Pods-TO-DO-APPUITests/Pods-TO-DO-APPUITests.release.xcconfig"; sourceTree = "<group>"; };
		4899F5BA74C318A93F2B4BE4 /* Pods-TO-DO-APP.debug.xcconfig */ = {isa = PBXFileReference; includeInIndex = 1; lastKnownFileType = text.xcconfig; name = "Pods-TO-DO-APP.debug.xcconfig"; path = "Pods/Target Support Files/Pods-TO-DO-APP/Pods-TO-DO-APP.debug.xcconfig"; sourceTree = "<group>"; };
		6025413F1F2F3A420004FDC7 /* Model.xcdatamodel */ = {isa = PBXFileReference; lastKnownFileType = wrapper.xcdatamodel; path = Model.xcdatamodel; sourceTree = "<group>"; };
		605234541F3171420005BD21 /* TaskModel.swift */ = {isa = PBXFileReference; fileEncoding = 4; lastKnownFileType = sourcecode.swift; path = TaskModel.swift; sourceTree = "<group>"; };
		606505B61F2EB5E500134495 /* DatabaseManager.swift */ = {isa = PBXFileReference; fileEncoding = 4; lastKnownFileType = sourcecode.swift; path = DatabaseManager.swift; sourceTree = "<group>"; };
		606505BD1F2ED7ED00134495 /* CommonUtility.swift */ = {isa = PBXFileReference; fileEncoding = 4; lastKnownFileType = sourcecode.swift; path = CommonUtility.swift; sourceTree = "<group>"; };
		606505BF1F2EDC8600134495 /* KeychainSwiftDistrib.swift */ = {isa = PBXFileReference; fileEncoding = 4; lastKnownFileType = sourcecode.swift; path = KeychainSwiftDistrib.swift; sourceTree = "<group>"; };
		607750B61F2B1B0B00DB1CAF /* SignUpViewController.swift */ = {isa = PBXFileReference; fileEncoding = 4; indentWidth = 4; lastKnownFileType = sourcecode.swift; path = SignUpViewController.swift; sourceTree = "<group>"; tabWidth = 4; };
		6079123B1F330FBA008D5058 /* MainViewController.swift */ = {isa = PBXFileReference; fileEncoding = 4; lastKnownFileType = sourcecode.swift; path = MainViewController.swift; sourceTree = "<group>"; };
		6079123F1F331391008D5058 /* TaskTableViewCell.swift */ = {isa = PBXFileReference; fileEncoding = 4; lastKnownFileType = sourcecode.swift; path = TaskTableViewCell.swift; sourceTree = "<group>"; };
		60B2FEA31F2BA69B00A6185F /* TO-DO-APP.app */ = {isa = PBXFileReference; explicitFileType = wrapper.application; includeInIndex = 0; path = "TO-DO-APP.app"; sourceTree = BUILT_PRODUCTS_DIR; };
		60B2FEA61F2BA69B00A6185F /* AppDelegate.swift */ = {isa = PBXFileReference; indentWidth = 4; lastKnownFileType = sourcecode.swift; path = AppDelegate.swift; sourceTree = "<group>"; tabWidth = 4; };
		60B2FEA81F2BA69B00A6185F /* SignInViewController.swift */ = {isa = PBXFileReference; lastKnownFileType = sourcecode.swift; path = SignInViewController.swift; sourceTree = "<group>"; };
		60B2FEAB1F2BA69C00A6185F /* Base */ = {isa = PBXFileReference; lastKnownFileType = file.storyboard; name = Base; path = Base.lproj/Main.storyboard; sourceTree = "<group>"; };
		60B2FEAD1F2BA69C00A6185F /* Assets.xcassets */ = {isa = PBXFileReference; lastKnownFileType = folder.assetcatalog; path = Assets.xcassets; sourceTree = "<group>"; };
		60B2FEB01F2BA69C00A6185F /* Base */ = {isa = PBXFileReference; lastKnownFileType = file.storyboard; name = Base; path = Base.lproj/LaunchScreen.storyboard; sourceTree = "<group>"; };
		60B2FEB21F2BA69C00A6185F /* Info.plist */ = {isa = PBXFileReference; lastKnownFileType = text.plist.xml; path = Info.plist; sourceTree = "<group>"; };
		60B2FEB71F2BA69C00A6185F /* TO-DO-APPTests.xctest */ = {isa = PBXFileReference; explicitFileType = wrapper.cfbundle; includeInIndex = 0; path = "TO-DO-APPTests.xctest"; sourceTree = BUILT_PRODUCTS_DIR; };
		60B2FEBB1F2BA69C00A6185F /* TO_DO_APPTests.swift */ = {isa = PBXFileReference; lastKnownFileType = sourcecode.swift; path = TO_DO_APPTests.swift; sourceTree = "<group>"; };
		60B2FEBD1F2BA69C00A6185F /* Info.plist */ = {isa = PBXFileReference; lastKnownFileType = text.plist.xml; path = Info.plist; sourceTree = "<group>"; };
		60B2FEC21F2BA69C00A6185F /* TO-DO-APPUITests.xctest */ = {isa = PBXFileReference; explicitFileType = wrapper.cfbundle; includeInIndex = 0; path = "TO-DO-APPUITests.xctest"; sourceTree = BUILT_PRODUCTS_DIR; };
		60B2FEC61F2BA69C00A6185F /* TO_DO_APPUITests.swift */ = {isa = PBXFileReference; lastKnownFileType = sourcecode.swift; path = TO_DO_APPUITests.swift; sourceTree = "<group>"; };
		60B2FEC81F2BA69C00A6185F /* Info.plist */ = {isa = PBXFileReference; lastKnownFileType = text.plist.xml; path = Info.plist; sourceTree = "<group>"; };
		60DB5B5D1F3855A600220B8F /* OverviewViewController.swift */ = {isa = PBXFileReference; fileEncoding = 4; lastKnownFileType = sourcecode.swift; path = OverviewViewController.swift; sourceTree = "<group>"; };
		60DB5B5F1F3857E800220B8F /* PageMenuCollectionViewCell.swift */ = {isa = PBXFileReference; fileEncoding = 4; lastKnownFileType = sourcecode.swift; path = PageMenuCollectionViewCell.swift; sourceTree = "<group>"; };
		60DC7E681F39746200A52EBA /* CalculateUtility.swift */ = {isa = PBXFileReference; fileEncoding = 4; lastKnownFileType = sourcecode.swift; path = CalculateUtility.swift; sourceTree = "<group>"; };
		60F1CDEB1F3018A400821553 /* CreateTaskViewController.swift */ = {isa = PBXFileReference; fileEncoding = 4; lastKnownFileType = sourcecode.swift; path = CreateTaskViewController.swift; sourceTree = "<group>"; };
		60F1CDED1F30292E00821553 /* DatePickerViewController.swift */ = {isa = PBXFileReference; fileEncoding = 4; lastKnownFileType = sourcecode.swift; path = DatePickerViewController.swift; sourceTree = "<group>"; };
		60F1CDEF1F304E5500821553 /* TimeViewController.swift */ = {isa = PBXFileReference; fileEncoding = 4; lastKnownFileType = sourcecode.swift; path = TimeViewController.swift; sourceTree = "<group>"; };
		60F1CDF11F305F4C00821553 /* RepeatTimeViewController.swift */ = {isa = PBXFileReference; fileEncoding = 4; lastKnownFileType = sourcecode.swift; path = RepeatTimeViewController.swift; sourceTree = "<group>"; };
		D54EB08F1F302D1E0038C9A3 /* MenuViewController.swift */ = {isa = PBXFileReference; fileEncoding = 4; lastKnownFileType = sourcecode.swift; path = MenuViewController.swift; sourceTree = "<group>"; };
		D569ABB11F30624D00AAA76F /* SettingsViewController.swift */ = {isa = PBXFileReference; fileEncoding = 4; lastKnownFileType = sourcecode.swift; path = SettingsViewController.swift; sourceTree = "<group>"; };
		D588CE601F34666700DD63BB /* AppData.swift */ = {isa = PBXFileReference; fileEncoding = 4; lastKnownFileType = sourcecode.swift; path = AppData.swift; sourceTree = "<group>"; };
		D5A092101F32ADF500BF00D7 /* ProfileViewController.swift */ = {isa = PBXFileReference; fileEncoding = 4; lastKnownFileType = sourcecode.swift; path = ProfileViewController.swift; sourceTree = "<group>"; };
		D5A092121F32AE0200BF00D7 /* AlertViewController.swift */ = {isa = PBXFileReference; fileEncoding = 4; lastKnownFileType = sourcecode.swift; path = AlertViewController.swift; sourceTree = "<group>"; };
		D5DBF1021F3329CD004FFEE6 /* User.swift */ = {isa = PBXFileReference; fileEncoding = 4; lastKnownFileType = sourcecode.swift; path = User.swift; sourceTree = "<group>"; };
		B1184DCFF811A302B1EC3E66 /* Pods-TO-DO-APPUITests.debug.xcconfig */ = {isa = PBXFileReference; includeInIndex = 1; lastKnownFileType = text.xcconfig; name = "Pods-TO-DO-APPUITests.debug.xcconfig"; path = "Pods/Target Support Files/Pods-TO-DO-APPUITests/Pods-TO-DO-APPUITests.debug.xcconfig"; sourceTree = "<group>"; };
		B43FBE5F6456B56E552CE86C /* Pods_TO_DO_APP.framework */ = {isa = PBXFileReference; explicitFileType = wrapper.framework; includeInIndex = 0; path = Pods_TO_DO_APP.framework; sourceTree = BUILT_PRODUCTS_DIR; };
		D15C947137E21B7EE93898AB /* Pods-TO-DO-APP.release.xcconfig */ = {isa = PBXFileReference; includeInIndex = 1; lastKnownFileType = text.xcconfig; name = "Pods-TO-DO-APP.release.xcconfig"; path = "Pods/Target Support Files/Pods-TO-DO-APP/Pods-TO-DO-APP.release.xcconfig"; sourceTree = "<group>"; };
		F943B58189B77BCC5BD79DC5 /* Pods-TO-DO-APPUITests.release.xcconfig */ = {isa = PBXFileReference; includeInIndex = 1; lastKnownFileType = text.xcconfig; name = "Pods-TO-DO-APPUITests.release.xcconfig"; path = "Pods/Target Support Files/Pods-TO-DO-APPUITests/Pods-TO-DO-APPUITests.release.xcconfig"; sourceTree = "<group>"; };
		F9DDEC53C00124F4FE23C81F /* Pods_TO_DO_APPTests.framework */ = {isa = PBXFileReference; explicitFileType = wrapper.framework; includeInIndex = 0; path = Pods_TO_DO_APPTests.framework; sourceTree = BUILT_PRODUCTS_DIR; };
		673E1AE651573E93C1338011 /* Pods_TO_DO_APPUITests.framework */ = {isa = PBXFileReference; explicitFileType = wrapper.framework; includeInIndex = 0; path = Pods_TO_DO_APPUITests.framework; sourceTree = BUILT_PRODUCTS_DIR; };
		8FEE961382FD305D9F12C445 /* Pods-TO-DO-APPUITests.debug.xcconfig */ = {isa = PBXFileReference; includeInIndex = 1; lastKnownFileType = text.xcconfig; name = "Pods-TO-DO-APPUITests.debug.xcconfig"; path = "Pods/Target Support Files/Pods-TO-DO-APPUITests/Pods-TO-DO-APPUITests.debug.xcconfig"; sourceTree = "<group>"; };
		A2835DEE820796CB9537BA05 /* Pods_TO_DO_APP.framework */ = {isa = PBXFileReference; explicitFileType = wrapper.framework; includeInIndex = 0; path = Pods_TO_DO_APP.framework; sourceTree = BUILT_PRODUCTS_DIR; };
		C00EC51EDEB4363CCD8C2488 /* Pods-TO-DO-APPTests.release.xcconfig */ = {isa = PBXFileReference; includeInIndex = 1; lastKnownFileType = text.xcconfig; name = "Pods-TO-DO-APPTests.release.xcconfig"; path = "Pods/Target Support Files/Pods-TO-DO-APPTests/Pods-TO-DO-APPTests.release.xcconfig"; sourceTree = "<group>"; };
		D111CA10090596D314E28398 /* Pods-TO-DO-APP.release.xcconfig */ = {isa = PBXFileReference; includeInIndex = 1; lastKnownFileType = text.xcconfig; name = "Pods-TO-DO-APP.release.xcconfig"; path = "Pods/Target Support Files/Pods-TO-DO-APP/Pods-TO-DO-APP.release.xcconfig"; sourceTree = "<group>"; };
		D51AF1721F3409B500177854 /* CalendarViewController.swift */ = {isa = PBXFileReference; fileEncoding = 4; lastKnownFileType = sourcecode.swift; path = CalendarViewController.swift; sourceTree = "<group>"; };
		F2E675270B327B585D731956 /* Pods-TO-DO-APPTests.debug.xcconfig */ = {isa = PBXFileReference; includeInIndex = 1; lastKnownFileType = text.xcconfig; name = "Pods-TO-DO-APPTests.debug.xcconfig"; path = "Pods/Target Support Files/Pods-TO-DO-APPTests/Pods-TO-DO-APPTests.debug.xcconfig"; sourceTree = "<group>"; };
/* End PBXFileReference section */

/* Begin PBXFrameworksBuildPhase section */
		60B2FEA01F2BA69B00A6185F /* Frameworks */ = {
			isa = PBXFrameworksBuildPhase;
			buildActionMask = 2147483647;
			files = (
				012E0F7B7D68F13B2BECAD5C /* Pods_TO_DO_APP.framework in Frameworks */,
			);
			runOnlyForDeploymentPostprocessing = 0;
		};
		60B2FEB41F2BA69C00A6185F /* Frameworks */ = {
			isa = PBXFrameworksBuildPhase;
			buildActionMask = 2147483647;
			files = (
				3F10712EA52D5601FBD7E82B /* Pods_TO_DO_APPTests.framework in Frameworks */,
			);
			runOnlyForDeploymentPostprocessing = 0;
		};
		60B2FEBF1F2BA69C00A6185F /* Frameworks */ = {
			isa = PBXFrameworksBuildPhase;
			buildActionMask = 2147483647;
			files = (
				345E9411AC797D6A9429A120 /* Pods_TO_DO_APPUITests.framework in Frameworks */,
			);
			runOnlyForDeploymentPostprocessing = 0;
		};
/* End PBXFrameworksBuildPhase section */

/* Begin PBXGroup section */
		269CFD915E1FD17CE00D43DD /* Pods */ = {
			isa = PBXGroup;
			children = (
				4899F5BA74C318A93F2B4BE4 /* Pods-TO-DO-APP.debug.xcconfig */,
				D111CA10090596D314E28398 /* Pods-TO-DO-APP.release.xcconfig */,
				F2E675270B327B585D731956 /* Pods-TO-DO-APPTests.debug.xcconfig */,
				C00EC51EDEB4363CCD8C2488 /* Pods-TO-DO-APPTests.release.xcconfig */,
				8FEE961382FD305D9F12C445 /* Pods-TO-DO-APPUITests.debug.xcconfig */,
				44D37841448285390FAECFD6 /* Pods-TO-DO-APPUITests.release.xcconfig */,
			);
			name = Pods;
			sourceTree = "<group>";
		};
		2790DA7B18F1A3F5ADEA2DEC /* Frameworks */ = {
			isa = PBXGroup;
			children = (
				A2835DEE820796CB9537BA05 /* Pods_TO_DO_APP.framework */,
				09470E5CD56A18311DB916A0 /* Pods_TO_DO_APPTests.framework */,
				673E1AE651573E93C1338011 /* Pods_TO_DO_APPUITests.framework */,
			);
			name = Frameworks;
			sourceTree = "<group>";
		};
		606505B51F2EB59C00134495 /* model */ = {
			isa = PBXGroup;
			children = (
				606505B61F2EB5E500134495 /* DatabaseManager.swift */,
				605234541F3171420005BD21 /* TaskModel.swift */,
				D5DBF1021F3329CD004FFEE6 /* User.swift */,
				D588CE601F34666700DD63BB /* AppData.swift */,
			);
			name = model;
			sourceTree = "<group>";
		};
		60B2FE9A1F2BA69B00A6185F = {
			isa = PBXGroup;
			children = (
				60B2FEA51F2BA69B00A6185F /* TO-DO-APP */,
				60B2FEBA1F2BA69C00A6185F /* TO-DO-APPTests */,
				60B2FEC51F2BA69C00A6185F /* TO-DO-APPUITests */,
				60B2FEA41F2BA69B00A6185F /* Products */,
				269CFD915E1FD17CE00D43DD /* Pods */,
				2790DA7B18F1A3F5ADEA2DEC /* Frameworks */,
			);
			indentWidth = 4;
			sourceTree = "<group>";
			tabWidth = 4;
		};
		60B2FEA41F2BA69B00A6185F /* Products */ = {
			isa = PBXGroup;
			children = (
				60B2FEA31F2BA69B00A6185F /* TO-DO-APP.app */,
				60B2FEB71F2BA69C00A6185F /* TO-DO-APPTests.xctest */,
				60B2FEC21F2BA69C00A6185F /* TO-DO-APPUITests.xctest */,
			);
			name = Products;
			sourceTree = "<group>";
		};
		60B2FEA51F2BA69B00A6185F /* TO-DO-APP */ = {
			isa = PBXGroup;
			children = (
				606505BF1F2EDC8600134495 /* KeychainSwiftDistrib.swift */,
				60B2FEA61F2BA69B00A6185F /* AppDelegate.swift */,
				60B2FEAA1F2BA69C00A6185F /* Main.storyboard */,
				60B2FEAD1F2BA69C00A6185F /* Assets.xcassets */,
				606505BD1F2ED7ED00134495 /* CommonUtility.swift */,
				60B2FEB21F2BA69C00A6185F /* Info.plist */,
				60B2FEAF1F2BA69C00A6185F /* LaunchScreen.storyboard */,
				606505B51F2EB59C00134495 /* model */,
				607750B61F2B1B0B00DB1CAF /* SignUpViewController.swift */,
				60B2FEA81F2BA69B00A6185F /* SignInViewController.swift */,
				6025413E1F2F3A420004FDC7 /* Model.xcdatamodeld */,
				60F1CDEB1F3018A400821553 /* CreateTaskViewController.swift */,
				60F1CDED1F30292E00821553 /* DatePickerViewController.swift */,
				60F1CDEF1F304E5500821553 /* TimeViewController.swift */,
				60F1CDF11F305F4C00821553 /* RepeatTimeViewController.swift */,
				6079123B1F330FBA008D5058 /* MainViewController.swift */,
				6079123F1F331391008D5058 /* TaskTableViewCell.swift */,
				D54EB08F1F302D1E0038C9A3 /* MenuViewController.swift */,
				D569ABB11F30624D00AAA76F /* SettingsViewController.swift */,
				D5A092101F32ADF500BF00D7 /* ProfileViewController.swift */,
				D5A092121F32AE0200BF00D7 /* AlertViewController.swift */,
				60DB5B5D1F3855A600220B8F /* OverviewViewController.swift */,
				60DB5B5F1F3857E800220B8F /* PageMenuCollectionViewCell.swift */,
				60DC7E681F39746200A52EBA /* CalculateUtility.swift */,
				D51AF1721F3409B500177854 /* CalendarViewController.swift */,
			);
			path = "TO-DO-APP";
			sourceTree = "<group>";
		};
		60B2FEBA1F2BA69C00A6185F /* TO-DO-APPTests */ = {
			isa = PBXGroup;
			children = (
				60B2FEBB1F2BA69C00A6185F /* TO_DO_APPTests.swift */,
				60B2FEBD1F2BA69C00A6185F /* Info.plist */,
			);
			path = "TO-DO-APPTests";
			sourceTree = "<group>";
		};
		60B2FEC51F2BA69C00A6185F /* TO-DO-APPUITests */ = {
			isa = PBXGroup;
			children = (
				60B2FEC61F2BA69C00A6185F /* TO_DO_APPUITests.swift */,
				60B2FEC81F2BA69C00A6185F /* Info.plist */,
			);
			path = "TO-DO-APPUITests";
			sourceTree = "<group>";
		};
		BF41AD2186A002FB89CE5A54 /* Pods */ = {
			isa = PBXGroup;
			children = (
				6D07BB3162808D7F32A613D2 /* Pods-TO-DO-APP.debug.xcconfig */,
				D15C947137E21B7EE93898AB /* Pods-TO-DO-APP.release.xcconfig */,
				78D91D23B52F0C7E5145211A /* Pods-TO-DO-APPTests.debug.xcconfig */,
				E81185FFC9D31B3614327FAD /* Pods-TO-DO-APPTests.release.xcconfig */,
				B1184DCFF811A302B1EC3E66 /* Pods-TO-DO-APPUITests.debug.xcconfig */,
				F943B58189B77BCC5BD79DC5 /* Pods-TO-DO-APPUITests.release.xcconfig */,
			);
			name = Pods;
			sourceTree = "<group>";
		};
/* End PBXGroup section */

/* Begin PBXNativeTarget section */
		60B2FEA21F2BA69B00A6185F /* TO-DO-APP */ = {
			isa = PBXNativeTarget;
			buildConfigurationList = 60B2FECB1F2BA69C00A6185F /* Build configuration list for PBXNativeTarget "TO-DO-APP" */;
			buildPhases = (
				2A0113F200E3A11F12264A3C /* [CP] Check Pods Manifest.lock */,
				60B2FE9F1F2BA69B00A6185F /* Sources */,
				60B2FEA01F2BA69B00A6185F /* Frameworks */,
				60B2FEA11F2BA69B00A6185F /* Resources */,
				A7BD25DF5D36B52FC78F0C1F /* [CP] Embed Pods Frameworks */,
				BDDE2AD0A67E7297F741189D /* [CP] Copy Pods Resources */,
			);
			buildRules = (
			);
			dependencies = (
			);
			name = "TO-DO-APP";
			productName = "TO-DO-APP";
			productReference = 60B2FEA31F2BA69B00A6185F /* TO-DO-APP.app */;
			productType = "com.apple.product-type.application";
		};
		60B2FEB61F2BA69C00A6185F /* TO-DO-APPTests */ = {
			isa = PBXNativeTarget;
			buildConfigurationList = 60B2FECE1F2BA69C00A6185F /* Build configuration list for PBXNativeTarget "TO-DO-APPTests" */;
			buildPhases = (
				77C7F0E3C0E28EC3D76D8086 /* [CP] Check Pods Manifest.lock */,
				60B2FEB31F2BA69C00A6185F /* Sources */,
				60B2FEB41F2BA69C00A6185F /* Frameworks */,
				60B2FEB51F2BA69C00A6185F /* Resources */,
				02CD1CC88BDB6F26CE3BE2F2 /* [CP] Embed Pods Frameworks */,
				67314C549EC98EE5420B80A3 /* [CP] Copy Pods Resources */,
			);
			buildRules = (
			);
			dependencies = (
				60B2FEB91F2BA69C00A6185F /* PBXTargetDependency */,
			);
			name = "TO-DO-APPTests";
			productName = "TO-DO-APPTests";
			productReference = 60B2FEB71F2BA69C00A6185F /* TO-DO-APPTests.xctest */;
			productType = "com.apple.product-type.bundle.unit-test";
		};
		60B2FEC11F2BA69C00A6185F /* TO-DO-APPUITests */ = {
			isa = PBXNativeTarget;
			buildConfigurationList = 60B2FED11F2BA69C00A6185F /* Build configuration list for PBXNativeTarget "TO-DO-APPUITests" */;
			buildPhases = (
				38F7B0DC22AA479CF81D5DBD /* [CP] Check Pods Manifest.lock */,
				60B2FEBE1F2BA69C00A6185F /* Sources */,
				60B2FEBF1F2BA69C00A6185F /* Frameworks */,
				60B2FEC01F2BA69C00A6185F /* Resources */,
				B0CD9C360BBD1019B9C343CC /* [CP] Embed Pods Frameworks */,
				B0E2384FA53AF20157B983F3 /* [CP] Copy Pods Resources */,
			);
			buildRules = (
			);
			dependencies = (
				60B2FEC41F2BA69C00A6185F /* PBXTargetDependency */,
			);
			name = "TO-DO-APPUITests";
			productName = "TO-DO-APPUITests";
			productReference = 60B2FEC21F2BA69C00A6185F /* TO-DO-APPUITests.xctest */;
			productType = "com.apple.product-type.bundle.ui-testing";
		};
/* End PBXNativeTarget section */

/* Begin PBXProject section */
		60B2FE9B1F2BA69B00A6185F /* Project object */ = {
			isa = PBXProject;
			attributes = {
				LastSwiftUpdateCheck = 0830;
				LastUpgradeCheck = 0830;
				ORGANIZATIONNAME = framgia;
				TargetAttributes = {
					60B2FEA21F2BA69B00A6185F = {
						CreatedOnToolsVersion = 8.3.3;
						ProvisioningStyle = Automatic;
					};
					60B2FEB61F2BA69C00A6185F = {
						CreatedOnToolsVersion = 8.3.3;
						ProvisioningStyle = Automatic;
						TestTargetID = 60B2FEA21F2BA69B00A6185F;
					};
					60B2FEC11F2BA69C00A6185F = {
						CreatedOnToolsVersion = 8.3.3;
						ProvisioningStyle = Automatic;
						TestTargetID = 60B2FEA21F2BA69B00A6185F;
					};
				};
			};
			buildConfigurationList = 60B2FE9E1F2BA69B00A6185F /* Build configuration list for PBXProject "TO-DO-APP" */;
			compatibilityVersion = "Xcode 3.2";
			developmentRegion = English;
			hasScannedForEncodings = 0;
			knownRegions = (
				en,
				Base,
			);
			mainGroup = 60B2FE9A1F2BA69B00A6185F;
			productRefGroup = 60B2FEA41F2BA69B00A6185F /* Products */;
			projectDirPath = "";
			projectRoot = "";
			targets = (
				60B2FEA21F2BA69B00A6185F /* TO-DO-APP */,
				60B2FEB61F2BA69C00A6185F /* TO-DO-APPTests */,
				60B2FEC11F2BA69C00A6185F /* TO-DO-APPUITests */,
			);
		};
/* End PBXProject section */

/* Begin PBXResourcesBuildPhase section */
		60B2FEA11F2BA69B00A6185F /* Resources */ = {
			isa = PBXResourcesBuildPhase;
			buildActionMask = 2147483647;
			files = (
				60B2FEB11F2BA69C00A6185F /* LaunchScreen.storyboard in Resources */,
				60B2FEAE1F2BA69C00A6185F /* Assets.xcassets in Resources */,
				60B2FEAC1F2BA69C00A6185F /* Main.storyboard in Resources */,
			);
			runOnlyForDeploymentPostprocessing = 0;
		};
		60B2FEB51F2BA69C00A6185F /* Resources */ = {
			isa = PBXResourcesBuildPhase;
			buildActionMask = 2147483647;
			files = (
			);
			runOnlyForDeploymentPostprocessing = 0;
		};
		60B2FEC01F2BA69C00A6185F /* Resources */ = {
			isa = PBXResourcesBuildPhase;
			buildActionMask = 2147483647;
			files = (
			);
			runOnlyForDeploymentPostprocessing = 0;
		};
/* End PBXResourcesBuildPhase section */

/* Begin PBXShellScriptBuildPhase section */
		02CD1CC88BDB6F26CE3BE2F2 /* [CP] Embed Pods Frameworks */ = {
			isa = PBXShellScriptBuildPhase;
			buildActionMask = 2147483647;
			files = (
			);
			inputPaths = (
			);
			name = "[CP] Embed Pods Frameworks";
			outputPaths = (
			);
			runOnlyForDeploymentPostprocessing = 0;
			shellPath = /bin/sh;
			shellScript = "\"${SRCROOT}/Pods/Target Support Files/Pods-TO-DO-APPTests/Pods-TO-DO-APPTests-frameworks.sh\"\n";
			showEnvVarsInLog = 0;
		};
		2A0113F200E3A11F12264A3C /* [CP] Check Pods Manifest.lock */ = {
			isa = PBXShellScriptBuildPhase;
			buildActionMask = 2147483647;
			files = (
			);
			inputPaths = (
			);
			name = "[CP] Check Pods Manifest.lock";
			outputPaths = (
			);
			runOnlyForDeploymentPostprocessing = 0;
			shellPath = /bin/sh;
			shellScript = "diff \"${PODS_PODFILE_DIR_PATH}/Podfile.lock\" \"${PODS_ROOT}/Manifest.lock\" > /dev/null\nif [ $? != 0 ] ; then\n    # print error to STDERR\n    echo \"error: The sandbox is not in sync with the Podfile.lock. Run 'pod install' or update your CocoaPods installation.\" >&2\n    exit 1\nfi\n";
			showEnvVarsInLog = 0;
		};
		38F7B0DC22AA479CF81D5DBD /* [CP] Check Pods Manifest.lock */ = {
			isa = PBXShellScriptBuildPhase;
			buildActionMask = 2147483647;
			files = (
			);
			inputPaths = (
			);
			name = "[CP] Check Pods Manifest.lock";
			outputPaths = (
			);
			runOnlyForDeploymentPostprocessing = 0;
			shellPath = /bin/sh;
			shellScript = "diff \"${PODS_PODFILE_DIR_PATH}/Podfile.lock\" \"${PODS_ROOT}/Manifest.lock\" > /dev/null\nif [ $? != 0 ] ; then\n    # print error to STDERR\n    echo \"error: The sandbox is not in sync with the Podfile.lock. Run 'pod install' or update your CocoaPods installation.\" >&2\n    exit 1\nfi\n";
			showEnvVarsInLog = 0;
		};
		67314C549EC98EE5420B80A3 /* [CP] Copy Pods Resources */ = {
			isa = PBXShellScriptBuildPhase;
			buildActionMask = 2147483647;
			files = (
			);
			inputPaths = (
			);
			name = "[CP] Copy Pods Resources";
			outputPaths = (
			);
			runOnlyForDeploymentPostprocessing = 0;
			shellPath = /bin/sh;
			shellScript = "\"${SRCROOT}/Pods/Target Support Files/Pods-TO-DO-APPTests/Pods-TO-DO-APPTests-resources.sh\"\n";
			showEnvVarsInLog = 0;
		};
		77C7F0E3C0E28EC3D76D8086 /* [CP] Check Pods Manifest.lock */ = {
			isa = PBXShellScriptBuildPhase;
			buildActionMask = 2147483647;
			files = (
			);
			inputPaths = (
			);
			name = "[CP] Check Pods Manifest.lock";
			outputPaths = (
			);
			runOnlyForDeploymentPostprocessing = 0;
			shellPath = /bin/sh;
			shellScript = "diff \"${PODS_PODFILE_DIR_PATH}/Podfile.lock\" \"${PODS_ROOT}/Manifest.lock\" > /dev/null\nif [ $? != 0 ] ; then\n    # print error to STDERR\n    echo \"error: The sandbox is not in sync with the Podfile.lock. Run 'pod install' or update your CocoaPods installation.\" >&2\n    exit 1\nfi\n";
			showEnvVarsInLog = 0;
		};
		A7BD25DF5D36B52FC78F0C1F /* [CP] Embed Pods Frameworks */ = {
			isa = PBXShellScriptBuildPhase;
			buildActionMask = 2147483647;
			files = (
			);
			inputPaths = (
			);
			name = "[CP] Embed Pods Frameworks";
			outputPaths = (
			);
			runOnlyForDeploymentPostprocessing = 0;
			shellPath = /bin/sh;
			shellScript = "\"${SRCROOT}/Pods/Target Support Files/Pods-TO-DO-APP/Pods-TO-DO-APP-frameworks.sh\"\n";
			showEnvVarsInLog = 0;
		};
		B0CD9C360BBD1019B9C343CC /* [CP] Embed Pods Frameworks */ = {
			isa = PBXShellScriptBuildPhase;
			buildActionMask = 2147483647;
			files = (
			);
			inputPaths = (
			);
			name = "[CP] Embed Pods Frameworks";
			outputPaths = (
			);
			runOnlyForDeploymentPostprocessing = 0;
			shellPath = /bin/sh;
			shellScript = "\"${SRCROOT}/Pods/Target Support Files/Pods-TO-DO-APPUITests/Pods-TO-DO-APPUITests-frameworks.sh\"\n";
			showEnvVarsInLog = 0;
		};
		B0E2384FA53AF20157B983F3 /* [CP] Copy Pods Resources */ = {
			isa = PBXShellScriptBuildPhase;
			buildActionMask = 2147483647;
			files = (
			);
			inputPaths = (
			);
			name = "[CP] Copy Pods Resources";
			outputPaths = (
			);
			runOnlyForDeploymentPostprocessing = 0;
			shellPath = /bin/sh;
			shellScript = "\"${SRCROOT}/Pods/Target Support Files/Pods-TO-DO-APPUITests/Pods-TO-DO-APPUITests-resources.sh\"\n";
			showEnvVarsInLog = 0;
		};
		BDDE2AD0A67E7297F741189D /* [CP] Copy Pods Resources */ = {
			isa = PBXShellScriptBuildPhase;
			buildActionMask = 2147483647;
			files = (
			);
			inputPaths = (
			);
			name = "[CP] Copy Pods Resources";
			outputPaths = (
			);
			runOnlyForDeploymentPostprocessing = 0;
			shellPath = /bin/sh;
			shellScript = "\"${SRCROOT}/Pods/Target Support Files/Pods-TO-DO-APP/Pods-TO-DO-APP-resources.sh\"\n";
			showEnvVarsInLog = 0;
		};
/* End PBXShellScriptBuildPhase section */

/* Begin PBXSourcesBuildPhase section */
		60B2FE9F1F2BA69B00A6185F /* Sources */ = {
			isa = PBXSourcesBuildPhase;
			buildActionMask = 2147483647;
			files = (
				607912401F331391008D5058 /* TaskTableViewCell.swift in Sources */,
				606505C01F2EDC8600134495 /* KeychainSwiftDistrib.swift in Sources */,
				60DB5B5E1F3855A600220B8F /* OverviewViewController.swift in Sources */,
				6079123C1F330FBA008D5058 /* MainViewController.swift in Sources */,
				60F1CDF01F304E5500821553 /* TimeViewController.swift in Sources */,
				602541401F2F3A420004FDC7 /* Model.xcdatamodeld in Sources */,
				605234551F3171420005BD21 /* TaskModel.swift in Sources */,
				60DC7E691F39746200A52EBA /* CalculateUtility.swift in Sources */,
				60DB5B601F3857E800220B8F /* PageMenuCollectionViewCell.swift in Sources */,
				60F1CDF21F305F4C00821553 /* RepeatTimeViewController.swift in Sources */,
				D5A092111F32ADF500BF00D7 /* ProfileViewController.swift in Sources */,
				607750B71F2B1B0B00DB1CAF /* SignUpViewController.swift in Sources */,
				D5DBF1031F3329CD004FFEE6 /* User.swift in Sources */,
				D5A092131F32AE0200BF00D7 /* AlertViewController.swift in Sources */,
				D54EB0901F302D1E0038C9A3 /* MenuViewController.swift in Sources */,
				606505BE1F2ED7ED00134495 /* CommonUtility.swift in Sources */,
				606505B71F2EB5E500134495 /* DatabaseManager.swift in Sources */,
				D51AF1731F3409B500177854 /* CalendarViewController.swift in Sources */,
				60B2FEA91F2BA69B00A6185F /* SignInViewController.swift in Sources */,
				60B2FEA71F2BA69B00A6185F /* AppDelegate.swift in Sources */,
				60F1CDEE1F30292E00821553 /* DatePickerViewController.swift in Sources */,
				60F1CDEC1F3018A400821553 /* CreateTaskViewController.swift in Sources */,
				D569ABB21F30624D00AAA76F /* SettingsViewController.swift in Sources */,
				D588CE611F34666700DD63BB /* AppData.swift in Sources */,
			);
			runOnlyForDeploymentPostprocessing = 0;
		};
		60B2FEB31F2BA69C00A6185F /* Sources */ = {
			isa = PBXSourcesBuildPhase;
			buildActionMask = 2147483647;
			files = (
				60B2FEBC1F2BA69C00A6185F /* TO_DO_APPTests.swift in Sources */,
			);
			runOnlyForDeploymentPostprocessing = 0;
		};
		60B2FEBE1F2BA69C00A6185F /* Sources */ = {
			isa = PBXSourcesBuildPhase;
			buildActionMask = 2147483647;
			files = (
				60B2FEC71F2BA69C00A6185F /* TO_DO_APPUITests.swift in Sources */,
			);
			runOnlyForDeploymentPostprocessing = 0;
		};
/* End PBXSourcesBuildPhase section */

/* Begin PBXTargetDependency section */
		60B2FEB91F2BA69C00A6185F /* PBXTargetDependency */ = {
			isa = PBXTargetDependency;
			target = 60B2FEA21F2BA69B00A6185F /* TO-DO-APP */;
			targetProxy = 60B2FEB81F2BA69C00A6185F /* PBXContainerItemProxy */;
		};
		60B2FEC41F2BA69C00A6185F /* PBXTargetDependency */ = {
			isa = PBXTargetDependency;
			target = 60B2FEA21F2BA69B00A6185F /* TO-DO-APP */;
			targetProxy = 60B2FEC31F2BA69C00A6185F /* PBXContainerItemProxy */;
		};
/* End PBXTargetDependency section */

/* Begin PBXVariantGroup section */
		60B2FEAA1F2BA69C00A6185F /* Main.storyboard */ = {
			isa = PBXVariantGroup;
			children = (
				60B2FEAB1F2BA69C00A6185F /* Base */,
			);
			name = Main.storyboard;
			sourceTree = "<group>";
		};
		60B2FEAF1F2BA69C00A6185F /* LaunchScreen.storyboard */ = {
			isa = PBXVariantGroup;
			children = (
				60B2FEB01F2BA69C00A6185F /* Base */,
			);
			name = LaunchScreen.storyboard;
			sourceTree = "<group>";
		};
/* End PBXVariantGroup section */

/* Begin XCBuildConfiguration section */
		60B2FEC91F2BA69C00A6185F /* Debug */ = {
			isa = XCBuildConfiguration;
			buildSettings = {
				ALWAYS_SEARCH_USER_PATHS = NO;
				CLANG_ANALYZER_NONNULL = YES;
				CLANG_ANALYZER_NUMBER_OBJECT_CONVERSION = YES_AGGRESSIVE;
				CLANG_CXX_LANGUAGE_STANDARD = "gnu++0x";
				CLANG_CXX_LIBRARY = "libc++";
				CLANG_ENABLE_MODULES = YES;
				CLANG_ENABLE_OBJC_ARC = YES;
				CLANG_WARN_BOOL_CONVERSION = YES;
				CLANG_WARN_CONSTANT_CONVERSION = YES;
				CLANG_WARN_DIRECT_OBJC_ISA_USAGE = YES_ERROR;
				CLANG_WARN_DOCUMENTATION_COMMENTS = YES;
				CLANG_WARN_EMPTY_BODY = YES;
				CLANG_WARN_ENUM_CONVERSION = YES;
				CLANG_WARN_INFINITE_RECURSION = YES;
				CLANG_WARN_INT_CONVERSION = YES;
				CLANG_WARN_OBJC_ROOT_CLASS = YES_ERROR;
				CLANG_WARN_SUSPICIOUS_MOVE = YES;
				CLANG_WARN_UNREACHABLE_CODE = YES;
				CLANG_WARN__DUPLICATE_METHOD_MATCH = YES;
				"CODE_SIGN_IDENTITY[sdk=iphoneos*]" = "iPhone Developer";
				COPY_PHASE_STRIP = NO;
				DEBUG_INFORMATION_FORMAT = dwarf;
				ENABLE_STRICT_OBJC_MSGSEND = YES;
				ENABLE_TESTABILITY = YES;
				GCC_C_LANGUAGE_STANDARD = gnu99;
				GCC_DYNAMIC_NO_PIC = NO;
				GCC_NO_COMMON_BLOCKS = YES;
				GCC_OPTIMIZATION_LEVEL = 0;
				GCC_PREPROCESSOR_DEFINITIONS = (
					"DEBUG=1",
					"$(inherited)",
				);
				GCC_WARN_64_TO_32_BIT_CONVERSION = YES;
				GCC_WARN_ABOUT_RETURN_TYPE = YES_ERROR;
				GCC_WARN_UNDECLARED_SELECTOR = YES;
				GCC_WARN_UNINITIALIZED_AUTOS = YES_AGGRESSIVE;
				GCC_WARN_UNUSED_FUNCTION = YES;
				GCC_WARN_UNUSED_VARIABLE = YES;
				IPHONEOS_DEPLOYMENT_TARGET = 10.3;
				MTL_ENABLE_DEBUG_INFO = YES;
				ONLY_ACTIVE_ARCH = YES;
				SDKROOT = iphoneos;
				SWIFT_ACTIVE_COMPILATION_CONDITIONS = DEBUG;
				SWIFT_OPTIMIZATION_LEVEL = "-Onone";
				TARGETED_DEVICE_FAMILY = "1,2";
			};
			name = Debug;
		};
		60B2FECA1F2BA69C00A6185F /* Release */ = {
			isa = XCBuildConfiguration;
			buildSettings = {
				ALWAYS_SEARCH_USER_PATHS = NO;
				CLANG_ANALYZER_NONNULL = YES;
				CLANG_ANALYZER_NUMBER_OBJECT_CONVERSION = YES_AGGRESSIVE;
				CLANG_CXX_LANGUAGE_STANDARD = "gnu++0x";
				CLANG_CXX_LIBRARY = "libc++";
				CLANG_ENABLE_MODULES = YES;
				CLANG_ENABLE_OBJC_ARC = YES;
				CLANG_WARN_BOOL_CONVERSION = YES;
				CLANG_WARN_CONSTANT_CONVERSION = YES;
				CLANG_WARN_DIRECT_OBJC_ISA_USAGE = YES_ERROR;
				CLANG_WARN_DOCUMENTATION_COMMENTS = YES;
				CLANG_WARN_EMPTY_BODY = YES;
				CLANG_WARN_ENUM_CONVERSION = YES;
				CLANG_WARN_INFINITE_RECURSION = YES;
				CLANG_WARN_INT_CONVERSION = YES;
				CLANG_WARN_OBJC_ROOT_CLASS = YES_ERROR;
				CLANG_WARN_SUSPICIOUS_MOVE = YES;
				CLANG_WARN_UNREACHABLE_CODE = YES;
				CLANG_WARN__DUPLICATE_METHOD_MATCH = YES;
				"CODE_SIGN_IDENTITY[sdk=iphoneos*]" = "iPhone Developer";
				COPY_PHASE_STRIP = NO;
				DEBUG_INFORMATION_FORMAT = "dwarf-with-dsym";
				ENABLE_NS_ASSERTIONS = NO;
				ENABLE_STRICT_OBJC_MSGSEND = YES;
				GCC_C_LANGUAGE_STANDARD = gnu99;
				GCC_NO_COMMON_BLOCKS = YES;
				GCC_WARN_64_TO_32_BIT_CONVERSION = YES;
				GCC_WARN_ABOUT_RETURN_TYPE = YES_ERROR;
				GCC_WARN_UNDECLARED_SELECTOR = YES;
				GCC_WARN_UNINITIALIZED_AUTOS = YES_AGGRESSIVE;
				GCC_WARN_UNUSED_FUNCTION = YES;
				GCC_WARN_UNUSED_VARIABLE = YES;
				IPHONEOS_DEPLOYMENT_TARGET = 10.3;
				MTL_ENABLE_DEBUG_INFO = NO;
				SDKROOT = iphoneos;
				SWIFT_OPTIMIZATION_LEVEL = "-Owholemodule";
				TARGETED_DEVICE_FAMILY = "1,2";
				VALIDATE_PRODUCT = YES;
			};
			name = Release;
		};
		60B2FECC1F2BA69C00A6185F /* Debug */ = {
			isa = XCBuildConfiguration;
			baseConfigurationReference = 4899F5BA74C318A93F2B4BE4 /* Pods-TO-DO-APP.debug.xcconfig */;
			buildSettings = {
				ASSETCATALOG_COMPILER_APPICON_NAME = AppIcon;
				INFOPLIST_FILE = "TO-DO-APP/Info.plist";
				LD_RUNPATH_SEARCH_PATHS = "$(inherited) @executable_path/Frameworks";
				PRODUCT_BUNDLE_IDENTIFIER = "com.framgia.training.TO-DO-APP";
				PRODUCT_NAME = "$(TARGET_NAME)";
				SWIFT_VERSION = 3.0;
			};
			name = Debug;
		};
		60B2FECD1F2BA69C00A6185F /* Release */ = {
			isa = XCBuildConfiguration;
			baseConfigurationReference = D111CA10090596D314E28398 /* Pods-TO-DO-APP.release.xcconfig */;
			buildSettings = {
				ASSETCATALOG_COMPILER_APPICON_NAME = AppIcon;
				INFOPLIST_FILE = "TO-DO-APP/Info.plist";
				LD_RUNPATH_SEARCH_PATHS = "$(inherited) @executable_path/Frameworks";
				PRODUCT_BUNDLE_IDENTIFIER = "com.framgia.training.TO-DO-APP";
				PRODUCT_NAME = "$(TARGET_NAME)";
				SWIFT_VERSION = 3.0;
			};
			name = Release;
		};
		60B2FECF1F2BA69C00A6185F /* Debug */ = {
			isa = XCBuildConfiguration;
			baseConfigurationReference = F2E675270B327B585D731956 /* Pods-TO-DO-APPTests.debug.xcconfig */;
			buildSettings = {
				ALWAYS_EMBED_SWIFT_STANDARD_LIBRARIES = YES;
				BUNDLE_LOADER = "$(TEST_HOST)";
				INFOPLIST_FILE = "TO-DO-APPTests/Info.plist";
				LD_RUNPATH_SEARCH_PATHS = "$(inherited) @executable_path/Frameworks @loader_path/Frameworks";
				PRODUCT_BUNDLE_IDENTIFIER = "com.framgia.training.TO-DO-APPTests";
				PRODUCT_NAME = "$(TARGET_NAME)";
				SWIFT_VERSION = 3.0;
				TEST_HOST = "$(BUILT_PRODUCTS_DIR)/TO-DO-APP.app/TO-DO-APP";
			};
			name = Debug;
		};
		60B2FED01F2BA69C00A6185F /* Release */ = {
			isa = XCBuildConfiguration;
			baseConfigurationReference = C00EC51EDEB4363CCD8C2488 /* Pods-TO-DO-APPTests.release.xcconfig */;
			buildSettings = {
				ALWAYS_EMBED_SWIFT_STANDARD_LIBRARIES = YES;
				BUNDLE_LOADER = "$(TEST_HOST)";
				INFOPLIST_FILE = "TO-DO-APPTests/Info.plist";
				LD_RUNPATH_SEARCH_PATHS = "$(inherited) @executable_path/Frameworks @loader_path/Frameworks";
				PRODUCT_BUNDLE_IDENTIFIER = "com.framgia.training.TO-DO-APPTests";
				PRODUCT_NAME = "$(TARGET_NAME)";
				SWIFT_VERSION = 3.0;
				TEST_HOST = "$(BUILT_PRODUCTS_DIR)/TO-DO-APP.app/TO-DO-APP";
			};
			name = Release;
		};
		60B2FED21F2BA69C00A6185F /* Debug */ = {
			isa = XCBuildConfiguration;
			baseConfigurationReference = 8FEE961382FD305D9F12C445 /* Pods-TO-DO-APPUITests.debug.xcconfig */;
			buildSettings = {
				ALWAYS_EMBED_SWIFT_STANDARD_LIBRARIES = YES;
				INFOPLIST_FILE = "TO-DO-APPUITests/Info.plist";
				LD_RUNPATH_SEARCH_PATHS = "$(inherited) @executable_path/Frameworks @loader_path/Frameworks";
				PRODUCT_BUNDLE_IDENTIFIER = "com.framgia.training.TO-DO-APPUITests";
				PRODUCT_NAME = "$(TARGET_NAME)";
				SWIFT_VERSION = 3.0;
				TEST_TARGET_NAME = "TO-DO-APP";
			};
			name = Debug;
		};
		60B2FED31F2BA69C00A6185F /* Release */ = {
			isa = XCBuildConfiguration;
			baseConfigurationReference = 44D37841448285390FAECFD6 /* Pods-TO-DO-APPUITests.release.xcconfig */;
			buildSettings = {
				ALWAYS_EMBED_SWIFT_STANDARD_LIBRARIES = YES;
				INFOPLIST_FILE = "TO-DO-APPUITests/Info.plist";
				LD_RUNPATH_SEARCH_PATHS = "$(inherited) @executable_path/Frameworks @loader_path/Frameworks";
				PRODUCT_BUNDLE_IDENTIFIER = "com.framgia.training.TO-DO-APPUITests";
				PRODUCT_NAME = "$(TARGET_NAME)";
				SWIFT_VERSION = 3.0;
				TEST_TARGET_NAME = "TO-DO-APP";
			};
			name = Release;
		};
/* End XCBuildConfiguration section */

/* Begin XCConfigurationList section */
		60B2FE9E1F2BA69B00A6185F /* Build configuration list for PBXProject "TO-DO-APP" */ = {
			isa = XCConfigurationList;
			buildConfigurations = (
				60B2FEC91F2BA69C00A6185F /* Debug */,
				60B2FECA1F2BA69C00A6185F /* Release */,
			);
			defaultConfigurationIsVisible = 0;
			defaultConfigurationName = Release;
		};
		60B2FECB1F2BA69C00A6185F /* Build configuration list for PBXNativeTarget "TO-DO-APP" */ = {
			isa = XCConfigurationList;
			buildConfigurations = (
				60B2FECC1F2BA69C00A6185F /* Debug */,
				60B2FECD1F2BA69C00A6185F /* Release */,
			);
			defaultConfigurationIsVisible = 0;
			defaultConfigurationName = Release;
		};
		60B2FECE1F2BA69C00A6185F /* Build configuration list for PBXNativeTarget "TO-DO-APPTests" */ = {
			isa = XCConfigurationList;
			buildConfigurations = (
				60B2FECF1F2BA69C00A6185F /* Debug */,
				60B2FED01F2BA69C00A6185F /* Release */,
			);
			defaultConfigurationIsVisible = 0;
			defaultConfigurationName = Release;
		};
		60B2FED11F2BA69C00A6185F /* Build configuration list for PBXNativeTarget "TO-DO-APPUITests" */ = {
			isa = XCConfigurationList;
			buildConfigurations = (
				60B2FED21F2BA69C00A6185F /* Debug */,
				60B2FED31F2BA69C00A6185F /* Release */,
			);
			defaultConfigurationIsVisible = 0;
			defaultConfigurationName = Release;
		};
/* End XCConfigurationList section */

/* Begin XCVersionGroup section */
		6025413E1F2F3A420004FDC7 /* Model.xcdatamodeld */ = {
			isa = XCVersionGroup;
			children = (
				6025413F1F2F3A420004FDC7 /* Model.xcdatamodel */,
			);
			currentVersion = 6025413F1F2F3A420004FDC7 /* Model.xcdatamodel */;
			path = Model.xcdatamodeld;
			sourceTree = "<group>";
			versionGroupType = wrapper.xcdatamodel;
		};
/* End XCVersionGroup section */
	};
	rootObject = 60B2FE9B1F2BA69B00A6185F /* Project object */;
}
